
Microsoft Visual Studio Solution File, Format Version 12.00
# Visual Studio Version 17
VisualStudioVersion = 17.10.35027.167
MinimumVisualStudioVersion = 10.0.40219.1
Project("{FAE04EC0-301F-11D3-BF4B-00C04F79EFBC}") = "DOOM1-2WadLoader", "DOOM1-2WadLoader.csproj", "{FD2BE954-4236-4F51-84CF-F3A4099BC6FC}"
EndProject
Global
	GlobalSection(SolutionConfigurationPlatforms) = preSolution
		Debug|Any CPU = Debug|Any CPU
		Release|Any CPU = Release|Any CPU
	EndGlobalSection
	GlobalSection(ProjectConfigurationPlatforms) = postSolution
		{FD2BE954-4236-4F51-84CF-F3A4099BC6FC}.Debug|Any CPU.ActiveCfg = Debug|Any CPU
		{FD2BE954-4236-4F51-84CF-F3A4099BC6FC}.Debug|Any CPU.Build.0 = Debug|Any CPU
		{FD2BE954-4236-4F51-84CF-F3A4099BC6FC}.Release|Any CPU.ActiveCfg = Release|Any CPU
		{FD2BE954-4236-4F51-84CF-F3A4099BC6FC}.Release|Any CPU.Build.0 = Release|Any CPU
	EndGlobalSection
	GlobalSection(SolutionProperties) = preSolution
		HideSolutionNode = FALSE
	EndGlobalSection
	GlobalSection(ExtensibilityGlobals) = postSolution
		SolutionGuid = {A66A2C4E-7A72-4CAB-9EC2-BDC8BB1E87AB}
	EndGlobalSection
EndGlobal
